
Microsoft Visual Studio Solution File, Format Version 12.00
# Visual Studio Version 16
VisualStudioVersion = 16.0.30503.244
MinimumVisualStudioVersion = 10.0.40219.1
Project("{FAE04EC0-301F-11D3-BF4B-00C04F79EFBC}") = "ClassLibrary1", "ClassLibrary1\ClassLibrary1.csproj", "{032ABB29-82EC-4EC6-B1FD-E42BA00A8B06}"
EndProject
Global
	GlobalSection(SolutionConfigurationPlatforms) = preSolution
		Debug|Any CPU = Debug|Any CPU
		Release|Any CPU = Release|Any CPU
	EndGlobalSection
	GlobalSection(ProjectConfigurationPlatforms) = postSolution
		{032ABB29-82EC-4EC6-B1FD-E42BA00A8B06}.Debug|Any CPU.ActiveCfg = Debug|Any CPU
		{032ABB29-82EC-4EC6-B1FD-E42BA00A8B06}.Debug|Any CPU.Build.0 = Debug|Any CPU
		{032ABB29-82EC-4EC6-B1FD-E42BA00A8B06}.Release|Any CPU.ActiveCfg = Release|Any CPU
		{032ABB29-82EC-4EC6-B1FD-E42BA00A8B06}.Release|Any CPU.Build.0 = Release|Any CPU
	EndGlobalSection
	GlobalSection(SolutionProperties) = preSolution
		HideSolutionNode = FALSE
	EndGlobalSection
	GlobalSection(ExtensibilityGlobals) = postSolution
		SolutionGuid = {61D8DCA4-FBAD-4D97-9F59-9B36C2280245}
	EndGlobalSection
EndGlobal
